{
    "_meta": {
        "hash": {
            "sha256": "53c9384dd892913206ef127f595e47f6f9bc63b5dd6e8e8a27e44eac513acf61"
        },
        "pipfile-spec": 6,
        "requires": {
            "python_version": "3.10"
        },
        "sources": [
            {
                "name": "pypi",
                "url": "https://pypi.org/simple",
                "verify_ssl": true
            }
        ]
    },
    "default": {
        "awslambdaric": {
            "hashes": [
                "sha256:00c594450c6b45d6206a64b56f50113b23f0d2c9a1aa9c891ae91843163d9cbf",
                "sha256:02ea1d2a4c4b1d3cbc84a4a86329dff00dcf5cf465f99d987284d13dff288027",
                "sha256:1c6206388c74d5b888119511e916d097bd7d8a16baf6fa6f5f0957b38af23308",
                "sha256:34848cb13c7f7e9768550ea5474973214cbd13ffe7e2ab3589a397ed760180f2",
                "sha256:4932054c663ba83f71c794a8f7677e44d97df834a68d39c1d5511c736db70ce6",
                "sha256:4b47ea805c76a54fdd64886faa6ef78032c3685ddd3e89f0b781dd0589766510",
                "sha256:4c9098751702bcdaa9c7d7f873302a9c37285458bfc42b6d7068a2d78b2c7803",
                "sha256:5835a0bf77a2388507f76a12695ad9352865ea651d6963b15a766bf59f7748e1",
                "sha256:5ef9ad99164c413101bcc84e0b09ef35ac02e1661c47997aa5b88b8442c56bde",
                "sha256:73572a9ed123b3a3b7e4ce13d607d9db683d5dac06be023962d018a12066e110",
                "sha256:94e3a2c8af6bc402f9fdbd542f92aa65bac49b5612e8e4119880cb9f23f342cf",
                "sha256:a30dc67a75b37141e424b2a898506049f02e76ae18f58862a5c270ade7fad685",
                "sha256:a721d0f0686c27eb95cd2f7216d0b6856a80f1592827cc94df3834882981cd6e",
                "sha256:af1907370cdb03afb13ac9c8ead3cd3a4ae1c0a083c9e2f173139fc76cb9b2ff",
                "sha256:c0a2026bd37a7280a1841ca76da1d0d11348634a44ede8f5d0688b2f6b432986",
                "sha256:c73ddb4913fd34be4315b971975a115bc39b420b852152c01336d3ca68c828ad",
                "sha256:ca6d3d6bf2de266d10c121378a000c0402c93245b46ae8ab0972e4aae3752c47",
                "sha256:da9686aa6fae33a57e925ed09ae7502ecdc9b7de8513f237897aa3acca5fdc0f",
                "sha256:ddd44a7df6978b157b24f441906b198effe3bc242e8838734c1d60e9f3fde2c3",
                "sha256:e9ac9fb7096b2a5e2379d71baa41f05ce8276bb9ede1b6cd9dab6484a91d95fa",
                "sha256:eb1cbea20d872039285ff54ad1ddbdaa475d74b1cc6dfd84fe1307325b1ca80c",
                "sha256:ebb265a24fd7495cf3753af580a1d6e7e2f1daf7a9ca233ef65566d9e78099fd",
                "sha256:f2f565d18998a9c9cac9ad30c6771521db30fabc2f5c08ebc1c4bca8f95d1a68"
            ],
            "index": "pypi",
            "version": "==2.0.6"
        },
        "simplejson": {
            "hashes": [
                "sha256:034550078a11664d77bc1a8364c90bb7eef0e44c2dbb1fd0a4d92e3997088667",
                "sha256:05b43d568300c1cd43f95ff4bfcff984bc658aa001be91efb3bb21df9d6288d3",
                "sha256:0dd9d9c738cb008bfc0862c9b8fa6743495c03a0ed543884bf92fb7d30f8d043",
                "sha256:10fc250c3edea4abc15d930d77274ddb8df4803453dde7ad50c2f5565a18a4bb",
                "sha256:2862beabfb9097a745a961426fe7daf66e1714151da8bb9a0c430dde3d59c7c0",
                "sha256:292c2e3f53be314cc59853bd20a35bf1f965f3bc121e007ab6fd526ed412a85d",
                "sha256:2d3eab2c3fe52007d703a26f71cf649a8c771fcdd949a3ae73041ba6797cfcf8",
                "sha256:2e7b57c2c146f8e4dadf84977a83f7ee50da17c8861fd7faf694d55e3274784f",
                "sha256:311f5dc2af07361725033b13cc3d0351de3da8bede3397d45650784c3f21fbcf",
                "sha256:344e2d920a7f27b4023c087ab539877a1e39ce8e3e90b867e0bfa97829824748",
                "sha256:3fabde09af43e0cbdee407555383063f8b45bfb52c361bc5da83fcffdb4fd278",
                "sha256:42b8b8dd0799f78e067e2aaae97e60d58a8f63582939af60abce4c48631a0aa4",
                "sha256:4b3442249d5e3893b90cb9f72c7d6ce4d2ea144d2c0d9f75b9ae1e5460f3121a",
                "sha256:55d65f9cc1b733d85ef95ab11f559cce55c7649a2160da2ac7a078534da676c8",
                "sha256:5c659a0efc80aaaba57fcd878855c8534ecb655a28ac8508885c50648e6e659d",
                "sha256:72d8a3ffca19a901002d6b068cf746be85747571c6a7ba12cbcf427bfb4ed971",
                "sha256:75ecc79f26d99222a084fbdd1ce5aad3ac3a8bd535cd9059528452da38b68841",
                "sha256:76ac9605bf2f6d9b56abf6f9da9047a8782574ad3531c82eae774947ae99cc3f",
                "sha256:7d276f69bfc8c7ba6c717ba8deaf28f9d3c8450ff0aa8713f5a3280e232be16b",
                "sha256:7f10f8ba9c1b1430addc7dd385fc322e221559d3ae49b812aebf57470ce8de45",
                "sha256:8042040af86a494a23c189b5aa0ea9433769cc029707833f261a79c98e3375f9",
                "sha256:813846738277729d7db71b82176204abc7fdae2f566e2d9fcf874f9b6472e3e6",
                "sha256:845a14f6deb124a3bcb98a62def067a67462a000e0508f256f9c18eff5847efc",
                "sha256:869a183c8e44bc03be1b2bbcc9ec4338e37fa8557fc506bf6115887c1d3bb956",
                "sha256:8acf76443cfb5c949b6e781c154278c059b09ac717d2757a830c869ba000cf8d",
                "sha256:8f713ea65958ef40049b6c45c40c206ab363db9591ff5a49d89b448933fa5746",
                "sha256:934115642c8ba9659b402c8bdbdedb48651fb94b576e3b3efd1ccb079609b04a",
                "sha256:9551f23e09300a9a528f7af20e35c9f79686d46d646152a0c8fc41d2d074d9b0",
                "sha256:9a2b7543559f8a1c9ed72724b549d8cc3515da7daf3e79813a15bdc4a769de25",
                "sha256:a55c76254d7cf8d4494bc508e7abb993a82a192d0db4552421e5139235604625",
                "sha256:ad8f41c2357b73bc9e8606d2fa226233bf4d55d85a8982ecdfd55823a6959995",
                "sha256:af4868da7dd53296cd7630687161d53a7ebe2e63814234631445697bd7c29f46",
                "sha256:afebfc3dd3520d37056f641969ce320b071bc7a0800639c71877b90d053e087f",
                "sha256:b59aa298137ca74a744c1e6e22cfc0bf9dca3a2f41f51bc92eb05695155d905a",
                "sha256:bc00d1210567a4cdd215ac6e17dc00cb9893ee521cee701adfd0fa43f7c73139",
                "sha256:c1cb29b1fced01f97e6d5631c3edc2dadb424d1f4421dad079cb13fc97acb42f",
                "sha256:c94dc64b1a389a416fc4218cd4799aa3756f25940cae33530a4f7f2f54f166da",
                "sha256:ceaa28a5bce8a46a130cd223e895080e258a88d51bf6e8de2fc54a6ef7e38c34",
                "sha256:cff6453e25204d3369c47b97dd34783ca820611bd334779d22192da23784194b",
                "sha256:d0b64409df09edb4c365d95004775c988259efe9be39697d7315c42b7a5e7e94",
                "sha256:d4813b30cb62d3b63ccc60dd12f2121780c7a3068db692daeb90f989877aaf04",
                "sha256:da3c55cdc66cfc3fffb607db49a42448785ea2732f055ac1549b69dcb392663b",
                "sha256:e058c7656c44fb494a11443191e381355388443d543f6fc1a245d5d238544396",
                "sha256:fed0f22bf1313ff79c7fc318f7199d6c2f96d4de3234b2f12a1eab350e597c06",
                "sha256:ffd4e4877a78c84d693e491b223385e0271278f5f4e1476a4962dca6824ecfeb"
            ],
            "markers": "python_version >= '2.5' and python_version not in '3.0, 3.1, 3.2'",
            "version": "==3.17.2"
        }
    },
    "develop": {}
}
